
Microsoft Visual Studio Solution File, Format Version 12.00
# Visual Studio Version 17
VisualStudioVersion = 17.5.33424.131
MinimumVisualStudioVersion = 10.0.40219.1
Project("{FAE04EC0-301F-11D3-BF4B-00C04F79EFBC}") = "RemoteWatch", "RemoteWatch\RemoteWatch.csproj", "{61145521-5149-4FB3-88C2-56DE38B74B5D}"
EndProject
Global
	GlobalSection(SolutionConfigurationPlatforms) = preSolution
		Debug|Any CPU = Debug|Any CPU
		Release|Any CPU = Release|Any CPU
	EndGlobalSection
	GlobalSection(ProjectConfigurationPlatforms) = postSolution
		{61145521-5149-4FB3-88C2-56DE38B74B5D}.Debug|Any CPU.ActiveCfg = Debug|Any CPU
		{61145521-5149-4FB3-88C2-56DE38B74B5D}.Debug|Any CPU.Build.0 = Debug|Any CPU
		{61145521-5149-4FB3-88C2-56DE38B74B5D}.Release|Any CPU.ActiveCfg = Release|Any CPU
		{61145521-5149-4FB3-88C2-56DE38B74B5D}.Release|Any CPU.Build.0 = Release|Any CPU
	EndGlobalSection
	GlobalSection(SolutionProperties) = preSolution
		HideSolutionNode = FALSE
	EndGlobalSection
	GlobalSection(ExtensibilityGlobals) = postSolution
		SolutionGuid = {9D38E187-6C1E-44BB-BA65-0D06477F9DB0}
	EndGlobalSection
EndGlobal
